
Microsoft Visual Studio Solution File, Format Version 12.00
Project("{FAE04EC0-301F-11D3-BF4B-00C04F79EFBC}") = "JupiNode-Server", "JupiNode-Server\JupiNode-Server.csproj", "{04AE10B0-3E2A-4536-95A8-C25CF1D4FCD7}"
EndProject
Project("{FAE04EC0-301F-11D3-BF4B-00C04F79EFBC}") = "JupiNode.Core", "JupiNode.Core\JupiNode.Core.csproj", "{56A244AA-6B2F-4054-8A5D-FCC55E7E2B20}"
EndProject
Project("{FAE04EC0-301F-11D3-BF4B-00C04F79EFBC}") = "JupiNode.DataAccess", "JupiNode.DataAccess\JupiNode.DataAccess.csproj", "{18651878-6D13-41FA-B981-46EB4E862FA3}"
EndProject
Project("{FAE04EC0-301F-11D3-BF4B-00C04F79EFBC}") = "JupiNode.Application", "JupiNode.Application\JupiNode.Application.csproj", "{F511A6D3-0EBF-4608-BB66-21BC69440042}"
EndProject
Global
	GlobalSection(SolutionConfigurationPlatforms) = preSolution
		Debug|Any CPU = Debug|Any CPU
		Release|Any CPU = Release|Any CPU
	EndGlobalSection
	GlobalSection(ProjectConfigurationPlatforms) = postSolution
		{04AE10B0-3E2A-4536-95A8-C25CF1D4FCD7}.Debug|Any CPU.ActiveCfg = Debug|Any CPU
		{04AE10B0-3E2A-4536-95A8-C25CF1D4FCD7}.Debug|Any CPU.Build.0 = Debug|Any CPU
		{04AE10B0-3E2A-4536-95A8-C25CF1D4FCD7}.Release|Any CPU.ActiveCfg = Release|Any CPU
		{04AE10B0-3E2A-4536-95A8-C25CF1D4FCD7}.Release|Any CPU.Build.0 = Release|Any CPU
		{56A244AA-6B2F-4054-8A5D-FCC55E7E2B20}.Debug|Any CPU.ActiveCfg = Debug|Any CPU
		{56A244AA-6B2F-4054-8A5D-FCC55E7E2B20}.Debug|Any CPU.Build.0 = Debug|Any CPU
		{56A244AA-6B2F-4054-8A5D-FCC55E7E2B20}.Release|Any CPU.ActiveCfg = Release|Any CPU
		{56A244AA-6B2F-4054-8A5D-FCC55E7E2B20}.Release|Any CPU.Build.0 = Release|Any CPU
		{18651878-6D13-41FA-B981-46EB4E862FA3}.Debug|Any CPU.ActiveCfg = Debug|Any CPU
		{18651878-6D13-41FA-B981-46EB4E862FA3}.Debug|Any CPU.Build.0 = Debug|Any CPU
		{18651878-6D13-41FA-B981-46EB4E862FA3}.Release|Any CPU.ActiveCfg = Release|Any CPU
		{18651878-6D13-41FA-B981-46EB4E862FA3}.Release|Any CPU.Build.0 = Release|Any CPU
		{F511A6D3-0EBF-4608-BB66-21BC69440042}.Debug|Any CPU.ActiveCfg = Debug|Any CPU
		{F511A6D3-0EBF-4608-BB66-21BC69440042}.Debug|Any CPU.Build.0 = Debug|Any CPU
		{F511A6D3-0EBF-4608-BB66-21BC69440042}.Release|Any CPU.ActiveCfg = Release|Any CPU
		{F511A6D3-0EBF-4608-BB66-21BC69440042}.Release|Any CPU.Build.0 = Release|Any CPU
	EndGlobalSection
EndGlobal
